<?xml version="1.0" encoding="utf-8"?>
<Project ToolsVersion="4.0" xmlns="http://schemas.microsoft.com/developer/msbuild/2003">
  <ItemGroup>
    <Filter Include="Game">
      <UniqueIdentifier>{4FC737F1-C7A5-4376-A066-2A32D752A2FF}</UniqueIdentifier>
      <Extensions>cpp;c;cc;cxx;def;odl;idl;hpj;bat;asm;asmx</Extensions>
    </Filter>
  </ItemGroup>
  <ItemGroup>
    <ClCompile Include="Main_Windows.cpp">
      <Filter>Game</Filter>
    </ClCompile>
    <ClCompile Include="App.cpp">
      <Filter>Game</Filter>
    </ClCompile>
    <ClCompile Include="GameCommon.cpp">
      <Filter>Game</Filter>
    </ClCompile>
    <ClCompile Include="Game.cpp">
      <Filter>Game</Filter>
    </ClCompile>
    <ClCompile Include="Entity.cpp">
      <Filter>Game</Filter>
    </ClCompile>
    <ClCompile Include="World.cpp">
      <Filter>Game</Filter>
    </ClCompile>
    <ClCompile Include="Map.cpp">
      <Filter>Game</Filter>
    </ClCompile>
    <ClCompile Include="Tile.cpp">
      <Filter>Game</Filter>
    </ClCompile>
    <ClCompile Include="TileMap.cpp">
      <Filter>Game</Filter>
    </ClCompile>
    <ClCompile Include="Actor.cpp">
      <Filter>Game</Filter>
    </ClCompile>
    <ClCompile Include="Projectile.cpp">
      <Filter>Game</Filter>
    </ClCompile>
    <ClCompile Include="Portal.cpp">
      <Filter>Game</Filter>
    </ClCompile>
  </ItemGroup>
  <ItemGroup>
    <ClInclude Include="App.hpp">
      <Filter>Game</Filter>
    </ClInclude>
    <ClInclude Include="GameCommon.hpp">
      <Filter>Game</Filter>
    </ClInclude>
    <ClInclude Include="Game.hpp">
      <Filter>Game</Filter>
    </ClInclude>
    <ClInclude Include="Entity.hpp">
      <Filter>Game</Filter>
    </ClInclude>
    <ClInclude Include="World.hpp">
      <Filter>Game</Filter>
    </ClInclude>
    <ClInclude Include="Map.hpp">
      <Filter>Game</Filter>
    </ClInclude>
    <ClInclude Include="Tile.hpp">
      <Filter>Game</Filter>
    </ClInclude>
    <ClInclude Include="EngineBuildPreferences.hpp">
      <Filter>Game</Filter>
    </ClInclude>
    <ClInclude Include="TileMap.hpp">
      <Filter>Game</Filter>
    </ClInclude>
    <ClInclude Include="Actor.hpp">
      <Filter>Game</Filter>
    </ClInclude>
    <ClInclude Include="Projectile.hpp">
      <Filter>Game</Filter>
    </ClInclude>
    <ClInclude Include="Portal.hpp">
      <Filter>Game</Filter>
    </ClInclude>
  </ItemGroup>
</Project>